
Microsoft Visual Studio Solution File, Format Version 12.00
# Visual Studio Version 16
VisualStudioVersion = 16.0.31729.503
MinimumVisualStudioVersion = 10.0.40219.1
Project("{9A19103F-16F7-4668-BE54-9A1E7A4F7556}") = "Lab3", "Lab3\Lab3.csproj", "{7432D9A4-DC86-4118-8A60-236A84AEAF9F}"
EndProject
Project("{9A19103F-16F7-4668-BE54-9A1E7A4F7556}") = "Lab3Testing", "Lab3Testing\Lab3Testing.csproj", "{1FF1D86D-8842-4F05-93AD-D685FA761C38}"
EndProject
Global
	GlobalSection(SolutionConfigurationPlatforms) = preSolution
		Debug|Any CPU = Debug|Any CPU
		Release|Any CPU = Release|Any CPU
	EndGlobalSection
	GlobalSection(ProjectConfigurationPlatforms) = postSolution
		{7432D9A4-DC86-4118-8A60-236A84AEAF9F}.Debug|Any CPU.ActiveCfg = Debug|Any CPU
		{7432D9A4-DC86-4118-8A60-236A84AEAF9F}.Debug|Any CPU.Build.0 = Debug|Any CPU
		{7432D9A4-DC86-4118-8A60-236A84AEAF9F}.Release|Any CPU.ActiveCfg = Release|Any CPU
		{7432D9A4-DC86-4118-8A60-236A84AEAF9F}.Release|Any CPU.Build.0 = Release|Any CPU
		{1FF1D86D-8842-4F05-93AD-D685FA761C38}.Debug|Any CPU.ActiveCfg = Debug|Any CPU
		{1FF1D86D-8842-4F05-93AD-D685FA761C38}.Debug|Any CPU.Build.0 = Debug|Any CPU
		{1FF1D86D-8842-4F05-93AD-D685FA761C38}.Release|Any CPU.ActiveCfg = Release|Any CPU
		{1FF1D86D-8842-4F05-93AD-D685FA761C38}.Release|Any CPU.Build.0 = Release|Any CPU
	EndGlobalSection
	GlobalSection(SolutionProperties) = preSolution
		HideSolutionNode = FALSE
	EndGlobalSection
	GlobalSection(ExtensibilityGlobals) = postSolution
		SolutionGuid = {7089D2E6-62A2-47B8-8E13-61FCAECCD7AF}
	EndGlobalSection
EndGlobal
